
Microsoft Visual Studio Solution File, Format Version 12.00
# Visual Studio Version 16
VisualStudioVersion = 16.0.30717.126
MinimumVisualStudioVersion = 10.0.40219.1
Project("{9A19103F-16F7-4668-BE54-9A1E7A4F7556}") = "DotNetBrightener.Core", "DotNetBrightener.Core\DotNetBrightener.Core.csproj", "{72BB256B-5A03-4395-9735-40231F1A90A7}"
EndProject
Project("{9A19103F-16F7-4668-BE54-9A1E7A4F7556}") = "DotNetBrightener.Integration.Modular", "DotNetBrightener.Integration.Modular\DotNetBrightener.Integration.Modular.csproj", "{772A8619-9D25-472C-B636-03E80A8A761C}"
EndProject
Project("{D954291E-2A0B-460D-934E-DC6B0785DB48}") = "SharedExtensions", "SharedExtensions\SharedExtensions.shproj", "{59D960DE-D770-4D0C-9ED7-E46E1BCD3A5A}"
EndProject
Project("{9A19103F-16F7-4668-BE54-9A1E7A4F7556}") = "DotNetBrightener.PublisherTool.CLI", "DotNetBrightener.PublisherTool.CLI\DotNetBrightener.PublisherTool.CLI.csproj", "{B092BACF-F5D3-4E45-87E8-FDDC76E8ECE2}"
EndProject
Project("{9A19103F-16F7-4668-BE54-9A1E7A4F7556}") = "DotNetBrightener.Infrastructure.Security", "DotNetBrightener.Infrastructure.Security\DotNetBrightener.Infrastructure.Security.csproj", "{085A10CF-687B-40F7-9680-1732A2CD64E6}"
EndProject
Project("{9A19103F-16F7-4668-BE54-9A1E7A4F7556}") = "DotNetBrightener.Plugins.EventPubSub", "DotNetBrightener.Plugins.EventPubSub\DotNetBrightener.Plugins.EventPubSub.csproj", "{361C40D4-3B51-440A-ACF2-D30CFB137627}"
EndProject
Project("{9A19103F-16F7-4668-BE54-9A1E7A4F7556}") = "DotNetBrightener.Mvc.HandlebarsViewEngine", "DotNetBrightener.Mvc.HandlebarsViewEngine\DotNetBrightener.Mvc.HandlebarsViewEngine.csproj", "{59BBEA89-A4A7-4195-8D24-2090A17C01C6}"
EndProject
Project("{9A19103F-16F7-4668-BE54-9A1E7A4F7556}") = "DotNetBrightener.Caching.Abstractions", "DotNetBrightener.Caching\DotNetBrightener.Caching.Abstractions.csproj", "{AF6B7E5A-A7E7-4E18-AE04-04E1322A3C87}"
EndProject
Project("{9A19103F-16F7-4668-BE54-9A1E7A4F7556}") = "DotNetBrightener.FriendlyRoutingLibrary", "DotNetBrightener.FriendlyRoutingLibrary\DotNetBrightener.FriendlyRoutingLibrary.csproj", "{C4565D58-B5C6-4A08-B3E9-1E94D4BA4882}"
EndProject
Project("{9A19103F-16F7-4668-BE54-9A1E7A4F7556}") = "DotNetBrightener.Caching.Memory", "DotNetBrightener.Caching.Memory\DotNetBrightener.Caching.Memory.csproj", "{4F185DF7-1F98-45F0-A952-EDD9E3E91484}"
EndProject
Project("{9A19103F-16F7-4668-BE54-9A1E7A4F7556}") = "DotNetBrightener.Caching.Redis", "DotNetBrightener.Caching.Redis\DotNetBrightener.Caching.Redis.csproj", "{D4CAD886-A931-4592-B959-34308886B3C5}"
EndProject
Project("{2150E333-8FDC-42A3-9474-1A3956D46DE8}") = "builds", "builds", "{ECA8FAA6-A93B-4985-948B-7D8F0BFF9792}"
	ProjectSection(SolutionItems) = preProject
		Directory.Build.props = Directory.Build.props
	EndProjectSection
EndProject
Project("{9A19103F-16F7-4668-BE54-9A1E7A4F7556}") = "DotNetBrightener.Core.Localization", "DotNetBrightener.Core.Localization\DotNetBrightener.Core.Localization.csproj", "{63429871-C398-44FF-A044-93371C474025}"
EndProject
Project("{9A19103F-16F7-4668-BE54-9A1E7A4F7556}") = "DotNetBrightener.DataTransferObjectUtility", "DotNetBrightener.DataTransferObjectUtility\DotNetBrightener.DataTransferObjectUtility.csproj", "{C84B07F2-6062-4EE0-811A-A6198E06015F}"
EndProject
Project("{2150E333-8FDC-42A3-9474-1A3956D46DE8}") = "DataTransferObjectUtils", "DataTransferObjectUtils", "{C2FF2966-62D8-4ED5-BBA1-4FFD492BBF0C}"
EndProject
Project("{FAE04EC0-301F-11D3-BF4B-00C04F79EFBC}") = "DotNetBrightener.DataTransferObjectUtility.Tests", "DotNetBrightener.DataTransferObjectUtility.Tests\DotNetBrightener.DataTransferObjectUtility.Tests.csproj", "{8448AA3F-3A69-458F-83FB-4D8B150A6CEB}"
EndProject
Global
	GlobalSection(SharedMSBuildProjectFiles) = preSolution
		SharedExtensions\SharedExtensions.projitems*{59d960de-d770-4d0c-9ed7-e46e1bcd3a5a}*SharedItemsImports = 13
		SharedExtensions\SharedExtensions.projitems*{63429871-c398-44ff-a044-93371c474025}*SharedItemsImports = 5
		SharedExtensions\SharedExtensions.projitems*{72bb256b-5a03-4395-9735-40231f1a90a7}*SharedItemsImports = 5
		SharedExtensions\SharedExtensions.projitems*{772a8619-9d25-472c-b636-03e80a8a761c}*SharedItemsImports = 5
	EndGlobalSection
	GlobalSection(SolutionConfigurationPlatforms) = preSolution
		Debug|Any CPU = Debug|Any CPU
		Release|Any CPU = Release|Any CPU
	EndGlobalSection
	GlobalSection(ProjectConfigurationPlatforms) = postSolution
		{72BB256B-5A03-4395-9735-40231F1A90A7}.Debug|Any CPU.ActiveCfg = Debug|Any CPU
		{72BB256B-5A03-4395-9735-40231F1A90A7}.Debug|Any CPU.Build.0 = Debug|Any CPU
		{72BB256B-5A03-4395-9735-40231F1A90A7}.Release|Any CPU.ActiveCfg = Release|Any CPU
		{72BB256B-5A03-4395-9735-40231F1A90A7}.Release|Any CPU.Build.0 = Release|Any CPU
		{772A8619-9D25-472C-B636-03E80A8A761C}.Debug|Any CPU.ActiveCfg = Debug|Any CPU
		{772A8619-9D25-472C-B636-03E80A8A761C}.Debug|Any CPU.Build.0 = Debug|Any CPU
		{772A8619-9D25-472C-B636-03E80A8A761C}.Release|Any CPU.ActiveCfg = Release|Any CPU
		{772A8619-9D25-472C-B636-03E80A8A761C}.Release|Any CPU.Build.0 = Release|Any CPU
		{B092BACF-F5D3-4E45-87E8-FDDC76E8ECE2}.Debug|Any CPU.ActiveCfg = Debug|Any CPU
		{B092BACF-F5D3-4E45-87E8-FDDC76E8ECE2}.Debug|Any CPU.Build.0 = Debug|Any CPU
		{B092BACF-F5D3-4E45-87E8-FDDC76E8ECE2}.Release|Any CPU.ActiveCfg = Release|Any CPU
		{B092BACF-F5D3-4E45-87E8-FDDC76E8ECE2}.Release|Any CPU.Build.0 = Release|Any CPU
		{085A10CF-687B-40F7-9680-1732A2CD64E6}.Debug|Any CPU.ActiveCfg = Debug|Any CPU
		{085A10CF-687B-40F7-9680-1732A2CD64E6}.Debug|Any CPU.Build.0 = Debug|Any CPU
		{085A10CF-687B-40F7-9680-1732A2CD64E6}.Release|Any CPU.ActiveCfg = Release|Any CPU
		{085A10CF-687B-40F7-9680-1732A2CD64E6}.Release|Any CPU.Build.0 = Release|Any CPU
		{361C40D4-3B51-440A-ACF2-D30CFB137627}.Debug|Any CPU.ActiveCfg = Debug|Any CPU
		{361C40D4-3B51-440A-ACF2-D30CFB137627}.Debug|Any CPU.Build.0 = Debug|Any CPU
		{361C40D4-3B51-440A-ACF2-D30CFB137627}.Release|Any CPU.ActiveCfg = Release|Any CPU
		{361C40D4-3B51-440A-ACF2-D30CFB137627}.Release|Any CPU.Build.0 = Release|Any CPU
		{59BBEA89-A4A7-4195-8D24-2090A17C01C6}.Debug|Any CPU.ActiveCfg = Debug|Any CPU
		{59BBEA89-A4A7-4195-8D24-2090A17C01C6}.Debug|Any CPU.Build.0 = Debug|Any CPU
		{59BBEA89-A4A7-4195-8D24-2090A17C01C6}.Release|Any CPU.ActiveCfg = Release|Any CPU
		{59BBEA89-A4A7-4195-8D24-2090A17C01C6}.Release|Any CPU.Build.0 = Release|Any CPU
		{AF6B7E5A-A7E7-4E18-AE04-04E1322A3C87}.Debug|Any CPU.ActiveCfg = Debug|Any CPU
		{AF6B7E5A-A7E7-4E18-AE04-04E1322A3C87}.Debug|Any CPU.Build.0 = Debug|Any CPU
		{AF6B7E5A-A7E7-4E18-AE04-04E1322A3C87}.Release|Any CPU.ActiveCfg = Release|Any CPU
		{AF6B7E5A-A7E7-4E18-AE04-04E1322A3C87}.Release|Any CPU.Build.0 = Release|Any CPU
		{C4565D58-B5C6-4A08-B3E9-1E94D4BA4882}.Debug|Any CPU.ActiveCfg = Debug|Any CPU
		{C4565D58-B5C6-4A08-B3E9-1E94D4BA4882}.Debug|Any CPU.Build.0 = Debug|Any CPU
		{C4565D58-B5C6-4A08-B3E9-1E94D4BA4882}.Release|Any CPU.ActiveCfg = Release|Any CPU
		{C4565D58-B5C6-4A08-B3E9-1E94D4BA4882}.Release|Any CPU.Build.0 = Release|Any CPU
		{4F185DF7-1F98-45F0-A952-EDD9E3E91484}.Debug|Any CPU.ActiveCfg = Debug|Any CPU
		{4F185DF7-1F98-45F0-A952-EDD9E3E91484}.Debug|Any CPU.Build.0 = Debug|Any CPU
		{4F185DF7-1F98-45F0-A952-EDD9E3E91484}.Release|Any CPU.ActiveCfg = Release|Any CPU
		{4F185DF7-1F98-45F0-A952-EDD9E3E91484}.Release|Any CPU.Build.0 = Release|Any CPU
		{D4CAD886-A931-4592-B959-34308886B3C5}.Debug|Any CPU.ActiveCfg = Debug|Any CPU
		{D4CAD886-A931-4592-B959-34308886B3C5}.Debug|Any CPU.Build.0 = Debug|Any CPU
		{D4CAD886-A931-4592-B959-34308886B3C5}.Release|Any CPU.ActiveCfg = Release|Any CPU
		{D4CAD886-A931-4592-B959-34308886B3C5}.Release|Any CPU.Build.0 = Release|Any CPU
		{63429871-C398-44FF-A044-93371C474025}.Debug|Any CPU.ActiveCfg = Debug|Any CPU
		{63429871-C398-44FF-A044-93371C474025}.Debug|Any CPU.Build.0 = Debug|Any CPU
		{63429871-C398-44FF-A044-93371C474025}.Release|Any CPU.ActiveCfg = Release|Any CPU
		{63429871-C398-44FF-A044-93371C474025}.Release|Any CPU.Build.0 = Release|Any CPU
		{C84B07F2-6062-4EE0-811A-A6198E06015F}.Debug|Any CPU.ActiveCfg = Debug|Any CPU
		{C84B07F2-6062-4EE0-811A-A6198E06015F}.Debug|Any CPU.Build.0 = Debug|Any CPU
		{C84B07F2-6062-4EE0-811A-A6198E06015F}.Release|Any CPU.ActiveCfg = Release|Any CPU
		{C84B07F2-6062-4EE0-811A-A6198E06015F}.Release|Any CPU.Build.0 = Release|Any CPU
		{8448AA3F-3A69-458F-83FB-4D8B150A6CEB}.Debug|Any CPU.ActiveCfg = Debug|Any CPU
		{8448AA3F-3A69-458F-83FB-4D8B150A6CEB}.Debug|Any CPU.Build.0 = Debug|Any CPU
		{8448AA3F-3A69-458F-83FB-4D8B150A6CEB}.Release|Any CPU.ActiveCfg = Release|Any CPU
		{8448AA3F-3A69-458F-83FB-4D8B150A6CEB}.Release|Any CPU.Build.0 = Release|Any CPU
	EndGlobalSection
	GlobalSection(SolutionProperties) = preSolution
		HideSolutionNode = FALSE
	EndGlobalSection
	GlobalSection(NestedProjects) = preSolution
		{C84B07F2-6062-4EE0-811A-A6198E06015F} = {C2FF2966-62D8-4ED5-BBA1-4FFD492BBF0C}
		{8448AA3F-3A69-458F-83FB-4D8B150A6CEB} = {C2FF2966-62D8-4ED5-BBA1-4FFD492BBF0C}
	EndGlobalSection
	GlobalSection(ExtensibilityGlobals) = postSolution
		SolutionGuid = {CBA29A5C-A736-4EB9-8D61-8E76924706CD}
	EndGlobalSection
EndGlobal
