
Microsoft Visual Studio Solution File, Format Version 12.00
# Visual Studio Version 16
VisualStudioVersion = 16.0.30717.126
MinimumVisualStudioVersion = 10.0.40219.1
Project("{9A19103F-16F7-4668-BE54-9A1E7A4F7556}") = "DotNetBrightener.Core.DataAccess", "DotNetBrightener.Core.DataAccess\DotNetBrightener.Core.DataAccess.csproj", "{914C8B42-0C8E-442C-8E49-2C69B5ABDF6F}"
EndProject
Project("{9A19103F-16F7-4668-BE54-9A1E7A4F7556}") = "DotNetBrightener.Core.DataAccess.PostgreSQL", "DotNetBrightener.Core.DataAccess.PostgreSQL\DotNetBrightener.Core.DataAccess.PostgreSQL.csproj", "{F0649256-9F09-40E8-BC94-B0A46AA194C0}"
EndProject
Project("{9A19103F-16F7-4668-BE54-9A1E7A4F7556}") = "DotNetBrightener.Core.DataAccess.EF", "DotNetBrightener.Core.DataAccess.EF\DotNetBrightener.Core.DataAccess.EF.csproj", "{7BE52BC9-8D3E-417F-B39D-AF1C01A873B7}"
EndProject
Project("{9A19103F-16F7-4668-BE54-9A1E7A4F7556}") = "DotNetBrightener.Core.DataAccess.EF.PostgreSQL", "DotNetBrightener.Core.DataAccess.EF.PostgreSQL\DotNetBrightener.Core.DataAccess.EF.PostgreSQL.csproj", "{C6982422-474C-4A67-BFDD-8B9C38F0B9E7}"
EndProject
Project("{9A19103F-16F7-4668-BE54-9A1E7A4F7556}") = "DotNetBrightener.SharedDataAccessService", "DotNetBrightener.SharedDataAccessService\DotNetBrightener.SharedDataAccessService.csproj", "{83B0969A-B35B-4B98-A6C7-0C4DE48467EA}"
EndProject
Project("{9A19103F-16F7-4668-BE54-9A1E7A4F7556}") = "DotNetBrightener.Integration.DataMigration", "DotNetBrightener.Integration.DataMigration\DotNetBrightener.Integration.DataMigration.csproj", "{A7E09A37-BD25-4910-9C69-71570C61D404}"
EndProject
Project("{9A19103F-16F7-4668-BE54-9A1E7A4F7556}") = "DotNetBrightener.Core.DataAccess.Migration", "DotNetBrightener.Core.DataAccess.Migration\DotNetBrightener.Core.DataAccess.Migration.csproj", "{0FFDB323-9EC5-43B8-9F14-F35D665D8885}"
EndProject
Project("{9A19103F-16F7-4668-BE54-9A1E7A4F7556}") = "DotNetBrightener.Core.DataAccess.Abstractions", "DotNetBrightener.Core.DataAccess.Abstractions\DotNetBrightener.Core.DataAccess.Abstractions.csproj", "{6B64145E-CC6F-458A-A646-28F97D0AF142}"
EndProject
Project("{2150E333-8FDC-42A3-9474-1A3956D46DE8}") = "Tests", "Tests", "{EA02C774-0F5A-49AF-BD20-7C0D0B6D578C}"
EndProject
Project("{9A19103F-16F7-4668-BE54-9A1E7A4F7556}") = "DotNetBrightener.SharedDataAccessService.Tests", "Tests\DotNetBrightener.SharedDataAccessService.Tests\DotNetBrightener.SharedDataAccessService.Tests.csproj", "{E3BEF2BD-6611-4717-8F92-13FA99BA328B}"
EndProject
Global
	GlobalSection(SolutionConfigurationPlatforms) = preSolution
		Debug|Any CPU = Debug|Any CPU
		Release|Any CPU = Release|Any CPU
	EndGlobalSection
	GlobalSection(ProjectConfigurationPlatforms) = postSolution
		{914C8B42-0C8E-442C-8E49-2C69B5ABDF6F}.Debug|Any CPU.ActiveCfg = Debug|Any CPU
		{914C8B42-0C8E-442C-8E49-2C69B5ABDF6F}.Debug|Any CPU.Build.0 = Debug|Any CPU
		{914C8B42-0C8E-442C-8E49-2C69B5ABDF6F}.Release|Any CPU.ActiveCfg = Release|Any CPU
		{914C8B42-0C8E-442C-8E49-2C69B5ABDF6F}.Release|Any CPU.Build.0 = Release|Any CPU
		{F0649256-9F09-40E8-BC94-B0A46AA194C0}.Debug|Any CPU.ActiveCfg = Debug|Any CPU
		{F0649256-9F09-40E8-BC94-B0A46AA194C0}.Debug|Any CPU.Build.0 = Debug|Any CPU
		{F0649256-9F09-40E8-BC94-B0A46AA194C0}.Release|Any CPU.ActiveCfg = Release|Any CPU
		{F0649256-9F09-40E8-BC94-B0A46AA194C0}.Release|Any CPU.Build.0 = Release|Any CPU
		{7BE52BC9-8D3E-417F-B39D-AF1C01A873B7}.Debug|Any CPU.ActiveCfg = Debug|Any CPU
		{7BE52BC9-8D3E-417F-B39D-AF1C01A873B7}.Debug|Any CPU.Build.0 = Debug|Any CPU
		{7BE52BC9-8D3E-417F-B39D-AF1C01A873B7}.Release|Any CPU.ActiveCfg = Release|Any CPU
		{7BE52BC9-8D3E-417F-B39D-AF1C01A873B7}.Release|Any CPU.Build.0 = Release|Any CPU
		{C6982422-474C-4A67-BFDD-8B9C38F0B9E7}.Debug|Any CPU.ActiveCfg = Debug|Any CPU
		{C6982422-474C-4A67-BFDD-8B9C38F0B9E7}.Debug|Any CPU.Build.0 = Debug|Any CPU
		{C6982422-474C-4A67-BFDD-8B9C38F0B9E7}.Release|Any CPU.ActiveCfg = Release|Any CPU
		{C6982422-474C-4A67-BFDD-8B9C38F0B9E7}.Release|Any CPU.Build.0 = Release|Any CPU
		{83B0969A-B35B-4B98-A6C7-0C4DE48467EA}.Debug|Any CPU.ActiveCfg = Debug|Any CPU
		{83B0969A-B35B-4B98-A6C7-0C4DE48467EA}.Debug|Any CPU.Build.0 = Debug|Any CPU
		{83B0969A-B35B-4B98-A6C7-0C4DE48467EA}.Release|Any CPU.ActiveCfg = Release|Any CPU
		{83B0969A-B35B-4B98-A6C7-0C4DE48467EA}.Release|Any CPU.Build.0 = Release|Any CPU
		{A7E09A37-BD25-4910-9C69-71570C61D404}.Debug|Any CPU.ActiveCfg = Debug|Any CPU
		{A7E09A37-BD25-4910-9C69-71570C61D404}.Debug|Any CPU.Build.0 = Debug|Any CPU
		{A7E09A37-BD25-4910-9C69-71570C61D404}.Release|Any CPU.ActiveCfg = Release|Any CPU
		{A7E09A37-BD25-4910-9C69-71570C61D404}.Release|Any CPU.Build.0 = Release|Any CPU
		{0FFDB323-9EC5-43B8-9F14-F35D665D8885}.Debug|Any CPU.ActiveCfg = Debug|Any CPU
		{0FFDB323-9EC5-43B8-9F14-F35D665D8885}.Debug|Any CPU.Build.0 = Debug|Any CPU
		{0FFDB323-9EC5-43B8-9F14-F35D665D8885}.Release|Any CPU.ActiveCfg = Release|Any CPU
		{0FFDB323-9EC5-43B8-9F14-F35D665D8885}.Release|Any CPU.Build.0 = Release|Any CPU
		{6B64145E-CC6F-458A-A646-28F97D0AF142}.Debug|Any CPU.ActiveCfg = Debug|Any CPU
		{6B64145E-CC6F-458A-A646-28F97D0AF142}.Debug|Any CPU.Build.0 = Debug|Any CPU
		{6B64145E-CC6F-458A-A646-28F97D0AF142}.Release|Any CPU.ActiveCfg = Release|Any CPU
		{6B64145E-CC6F-458A-A646-28F97D0AF142}.Release|Any CPU.Build.0 = Release|Any CPU
		{E3BEF2BD-6611-4717-8F92-13FA99BA328B}.Debug|Any CPU.ActiveCfg = Debug|Any CPU
		{E3BEF2BD-6611-4717-8F92-13FA99BA328B}.Debug|Any CPU.Build.0 = Debug|Any CPU
		{E3BEF2BD-6611-4717-8F92-13FA99BA328B}.Release|Any CPU.ActiveCfg = Release|Any CPU
		{E3BEF2BD-6611-4717-8F92-13FA99BA328B}.Release|Any CPU.Build.0 = Release|Any CPU
	EndGlobalSection
	GlobalSection(SolutionProperties) = preSolution
		HideSolutionNode = FALSE
	EndGlobalSection
	GlobalSection(NestedProjects) = preSolution
		{E3BEF2BD-6611-4717-8F92-13FA99BA328B} = {EA02C774-0F5A-49AF-BD20-7C0D0B6D578C}
	EndGlobalSection
	GlobalSection(ExtensibilityGlobals) = postSolution
		SolutionGuid = {1C4FB64D-DE93-46DF-B19A-E8ED941BD6A1}
	EndGlobalSection
EndGlobal
