
Microsoft Visual Studio Solution File, Format Version 12.00
# Visual Studio Version 16
VisualStudioVersion = 16.0.30717.126
MinimumVisualStudioVersion = 10.0.40219.1
Project("{9A19103F-16F7-4668-BE54-9A1E7A4F7556}") = "DotNetBrightener.FriendlyRoutingLibrary", "DotNetBrightener.FriendlyRoutingLibrary.csproj", "{4FEE1B92-6875-4B46-955C-DF8C9620D105}"
EndProject
Global
	GlobalSection(SolutionConfigurationPlatforms) = preSolution
		Debug|Any CPU = Debug|Any CPU
		Release|Any CPU = Release|Any CPU
	EndGlobalSection
	GlobalSection(ProjectConfigurationPlatforms) = postSolution
		{4FEE1B92-6875-4B46-955C-DF8C9620D105}.Debug|Any CPU.ActiveCfg = Debug|Any CPU
		{4FEE1B92-6875-4B46-955C-DF8C9620D105}.Debug|Any CPU.Build.0 = Debug|Any CPU
		{4FEE1B92-6875-4B46-955C-DF8C9620D105}.Release|Any CPU.ActiveCfg = Release|Any CPU
		{4FEE1B92-6875-4B46-955C-DF8C9620D105}.Release|Any CPU.Build.0 = Release|Any CPU
	EndGlobalSection
	GlobalSection(SolutionProperties) = preSolution
		HideSolutionNode = FALSE
	EndGlobalSection
	GlobalSection(ExtensibilityGlobals) = postSolution
		SolutionGuid = {EF99ED44-39DB-47F2-9AF5-1F75B2643DF6}
	EndGlobalSection
EndGlobal
