
Microsoft Visual Studio Solution File, Format Version 12.00
# Visual Studio Version 17
VisualStudioVersion = 17.1.32228.430
MinimumVisualStudioVersion = 10.0.40219.1
Project("{2150E333-8FDC-42A3-9474-1A3956D46DE8}") = "builds", "builds", "{ECA8FAA6-A93B-4985-948B-7D8F0BFF9792}"
	ProjectSection(SolutionItems) = preProject
		Directory.Build.props = Directory.Build.props
		..\..\LICENSE = ..\..\LICENSE
	EndProjectSection
EndProject
Project("{2150E333-8FDC-42A3-9474-1A3956D46DE8}") = "Security", "Security", "{A8260E20-A153-47F4-AD48-3C711C1C1796}"
EndProject
Project("{9A19103F-16F7-4668-BE54-9A1E7A4F7556}") = "DotNetBrightener.Infrastructure.Security.Tests", "Security\DotNetBrightener.Infrastructure.Security.Tests\DotNetBrightener.Infrastructure.Security.Tests.csproj", "{F61705CC-CC79-479C-8087-3E1762342C75}"
EndProject
Project("{9A19103F-16F7-4668-BE54-9A1E7A4F7556}") = "DotNetBrightener.Infrastructure.Security", "Security\DotNetBrightener.Infrastructure.Security\DotNetBrightener.Infrastructure.Security.csproj", "{F57E424A-9D77-4321-B557-377C63832857}"
EndProject
Project("{2150E333-8FDC-42A3-9474-1A3956D46DE8}") = "OTPGenerator", "OTPGenerator", "{FE96FED7-8F6C-4734-A8CB-4191CD2C914C}"
EndProject
Project("{9A19103F-16F7-4668-BE54-9A1E7A4F7556}") = "DotNetBrightener.TimeBasedOtp.Tests", "OTPGenerator\DotNetBrightener.TimeBasedOtp.Tests\DotNetBrightener.TimeBasedOtp.Tests.csproj", "{74D8483B-19B2-4324-8520-44FEC65FE42E}"
EndProject
Project("{9A19103F-16F7-4668-BE54-9A1E7A4F7556}") = "DotNetBrightener.TimeBasedOtp", "OTPGenerator\DotNetBrightener.TimeBasedOtp\DotNetBrightener.TimeBasedOtp.csproj", "{C489AFDB-E2F3-45A7-8AB4-5990D092DB8E}"
EndProject
Project("{2150E333-8FDC-42A3-9474-1A3956D46DE8}") = "Localization", "Localization", "{D1B2A191-6855-4006-9EE5-FFEC5DBA6DC1}"
EndProject
Project("{9A19103F-16F7-4668-BE54-9A1E7A4F7556}") = "DotNetBrightener.Core.Localization", "Localization\DotNetBrightener.Core.Localization\DotNetBrightener.Core.Localization.csproj", "{720FA6C5-3ADD-4B7B-9FAF-8B775B667401}"
EndProject
Project("{2150E333-8FDC-42A3-9474-1A3956D46DE8}") = "EventPubSub", "EventPubSub", "{0BF749BF-71CF-4FA8-9589-D29F5A34EC18}"
EndProject
Project("{9A19103F-16F7-4668-BE54-9A1E7A4F7556}") = "DotNetBrightener.Plugins.EventPubSub.DependencyInjection", "EventPubSub\DotNetBrightener.Plugins.EventPubSub.DependencyInjection\DotNetBrightener.Plugins.EventPubSub.DependencyInjection.csproj", "{E0D3E777-C608-432C-9AEA-B549C41B07FA}"
EndProject
Project("{9A19103F-16F7-4668-BE54-9A1E7A4F7556}") = "DotNetBrightener.Plugins.EventPubSub", "EventPubSub\DotNetBrightener.Plugins.EventPubSub\DotNetBrightener.Plugins.EventPubSub.csproj", "{2D908DBB-82A9-4BB3-AA69-64575951FCD5}"
EndProject
Project("{2150E333-8FDC-42A3-9474-1A3956D46DE8}") = "DataTransferObjectUtility", "DataTransferObjectUtility", "{8F6CE9CF-9FBE-4685-9D21-BF687ED88E34}"
EndProject
Project("{9A19103F-16F7-4668-BE54-9A1E7A4F7556}") = "DotNetBrightener.DataTransferObjectUtility.Tests", "DataTransferObjectUtility\DotNetBrightener.DataTransferObjectUtility.Tests\DotNetBrightener.DataTransferObjectUtility.Tests.csproj", "{40AB7A65-61F4-460B-A859-85CA27342BA7}"
EndProject
Project("{9A19103F-16F7-4668-BE54-9A1E7A4F7556}") = "DotNetBrightener.DataTransferObjectUtility", "DataTransferObjectUtility\DotNetBrightener.DataTransferObjectUtility\DotNetBrightener.DataTransferObjectUtility.csproj", "{7D3709D1-1AA1-4F52-B6F1-0398F4977049}"
EndProject
Project("{2150E333-8FDC-42A3-9474-1A3956D46DE8}") = "DataAccess", "DataAccess", "{9F2E3D63-2AC9-4816-ADE5-7B255E17CC6E}"
EndProject
Project("{9A19103F-16F7-4668-BE54-9A1E7A4F7556}") = "DotNetBrightener.DataAccess.EF.PostgreSQL", "DataAccess\DotNetBrightener.DataAccess.EF.PostgreSQL\DotNetBrightener.DataAccess.EF.PostgreSQL.csproj", "{F5932DAA-7B08-46D4-BF7E-8F60AB8F3543}"
EndProject
Project("{9A19103F-16F7-4668-BE54-9A1E7A4F7556}") = "DotNetBrightener.DataAccess.EF", "DataAccess\DotNetBrightener.DataAccess.EF\DotNetBrightener.DataAccess.EF.csproj", "{11A36038-D86A-4DC9-B660-D881D242EE2F}"
EndProject
Project("{9A19103F-16F7-4668-BE54-9A1E7A4F7556}") = "DotNetBrightener.DataAccess.Dapper.PostgreSQL", "DataAccess\DotNetBrightener.DataAccess.Dapper.PostgreSQL\DotNetBrightener.DataAccess.Dapper.PostgreSQL.csproj", "{49A3DADA-E976-4DC6-BEC2-7A2B448E890A}"
EndProject
Project("{9A19103F-16F7-4668-BE54-9A1E7A4F7556}") = "DotNetBrightener.DataAccess.Dapper", "DataAccess\DotNetBrightener.DataAccess.Dapper\DotNetBrightener.DataAccess.Dapper.csproj", "{1A8ADDA9-015E-4CAD-8137-B15A3A3D5DA1}"
EndProject
Project("{9A19103F-16F7-4668-BE54-9A1E7A4F7556}") = "DotNetBrightener.DataAccess.Abstractions", "DataAccess\DotNetBrightener.DataAccess.Abstractions\DotNetBrightener.DataAccess.Abstractions.csproj", "{6EE8521B-CA33-45A6-899D-BD48D8DCCBAC}"
EndProject
Project("{2150E333-8FDC-42A3-9474-1A3956D46DE8}") = "Cryptography", "Cryptography", "{5B5FD3D4-5CBA-4C04-AA53-FA09BE52BE54}"
EndProject
Project("{9A19103F-16F7-4668-BE54-9A1E7A4F7556}") = "DotNetBrightener.CryptoEngine.DependencyInjection", "Cryptography\DotNetBrightener.CryptoEngine.DependencyInjection\DotNetBrightener.CryptoEngine.DependencyInjection.csproj", "{8DF55705-F116-48E5-98DB-F47545CD13FF}"
EndProject
Project("{9A19103F-16F7-4668-BE54-9A1E7A4F7556}") = "DotNetBrightener.CryptoEngine", "Cryptography\DotNetBrightener.CryptoEngine\DotNetBrightener.CryptoEngine.csproj", "{FEF071A1-5AC1-443D-B3B8-1B5C809C041A}"
EndProject
Project("{2150E333-8FDC-42A3-9474-1A3956D46DE8}") = "Caching", "Caching", "{34FD6BD8-7E5C-4861-90CD-A7BCFF2C8010}"
EndProject
Project("{9A19103F-16F7-4668-BE54-9A1E7A4F7556}") = "DotNetBrightener.Caching.Redis", "Caching\DotNetBrightener.Caching.Redis\DotNetBrightener.Caching.Redis.csproj", "{3DCF2B91-9315-4961-B453-FA0BB0BBE445}"
EndProject
Project("{9A19103F-16F7-4668-BE54-9A1E7A4F7556}") = "DotNetBrightener.Caching.Memory", "Caching\DotNetBrightener.Caching.Memory\DotNetBrightener.Caching.Memory.csproj", "{85BC6CCB-4857-4600-91BE-F1D69AF4D0E8}"
EndProject
Project("{9A19103F-16F7-4668-BE54-9A1E7A4F7556}") = "DotNetBrightener.Caching.Abstractions", "Caching\DotNetBrightener.Caching\DotNetBrightener.Caching.Abstractions.csproj", "{F9D8AED6-CB01-4F6F-B397-F0C48E144B73}"
EndProject
Project("{2150E333-8FDC-42A3-9474-1A3956D46DE8}") = "Shared", "Shared", "{7205287C-4CD6-4E4D-830D-46F0BBEBB605}"
EndProject
Project("{D954291E-2A0B-460D-934E-DC6B0785DB48}") = "SharedExtensions.XmlDocumentationHelper", "Shared\SharedExtensions.XmlDocumentationHelper\SharedExtensions.XmlDocumentationHelper.shproj", "{949E66B2-8674-450A-B45B-B5C0E6530E59}"
EndProject
Project("{D954291E-2A0B-460D-934E-DC6B0785DB48}") = "SharedExtensions.String", "Shared\SharedExtensions.String\SharedExtensions.String.shproj", "{2CB41A59-4F22-4813-A509-A43BBC02DAC2}"
EndProject
Project("{D954291E-2A0B-460D-934E-DC6B0785DB48}") = "SharedExtensions.ServiceCollection", "Shared\SharedExtensions.ServiceCollection\SharedExtensions.ServiceCollection.shproj", "{8CD77910-A209-4FFF-A324-DFB73F91D4DA}"
EndProject
Project("{D954291E-2A0B-460D-934E-DC6B0785DB48}") = "SharedExtensions.Reflection", "Shared\SharedExtensions.Reflection\SharedExtensions.Reflection.shproj", "{0F0E79F0-BCB6-43D1-8A4A-5A1D50C36A22}"
EndProject
Project("{D954291E-2A0B-460D-934E-DC6B0785DB48}") = "SharedExtensions.Object", "Shared\SharedExtensions.Object\SharedExtensions.Object.shproj", "{37FCAD5C-AC17-49EF-966A-0B6E18C89276}"
EndProject
Project("{D954291E-2A0B-460D-934E-DC6B0785DB48}") = "SharedExtensions.Exception", "Shared\SharedExtensions.Exception\SharedExtensions.Exception.shproj", "{FE4E97E2-286F-47EE-A7A9-ACA29FD3E217}"
EndProject
Project("{D954291E-2A0B-460D-934E-DC6B0785DB48}") = "SharedExtensions.DateTime", "Shared\SharedExtensions.DateTime\SharedExtensions.DateTime.shproj", "{BB84EC03-5EB3-4BAF-B342-DB2247424702}"
EndProject
Project("{D954291E-2A0B-460D-934E-DC6B0785DB48}") = "SharedExtensions.Dictionary", "Shared\SharedExtensions.Dictionary\SharedExtensions.Dictionary.shproj", "{E4358D5E-109B-4050-A5B9-D4FF094754A4}"
EndProject
Project("{D954291E-2A0B-460D-934E-DC6B0785DB48}") = "SharedExtensions.Expression", "Shared\SharedExtensions.Expression\SharedExtensions.Expression.shproj", "{1DD493F9-6617-4E22-9ACE-AFC40E2E26BB}"
EndProject
Project("{2150E333-8FDC-42A3-9474-1A3956D46DE8}") = "Infrastructure", "Infrastructure", "{8BCFD1A4-6EB1-422B-8A50-E3CB83C8F600}"
EndProject
Project("{9A19103F-16F7-4668-BE54-9A1E7A4F7556}") = "DotNetBrightener.WebApi.GenericCRUD", "Infrastructure\DotNetBrightener.WebApi.GenericCRUD\DotNetBrightener.WebApi.GenericCRUD.csproj", "{09E410F1-A947-4128-90DA-74BE5BD5795D}"
EndProject
Project("{9A19103F-16F7-4668-BE54-9A1E7A4F7556}") = "DotNetBrightener.TemplateEngine", "Infrastructure\DotNetBrightener.TemplateEngine\DotNetBrightener.TemplateEngine.csproj", "{9833380D-01CD-426D-9AF7-6F11C8F13782}"
EndProject
Project("{9A19103F-16F7-4668-BE54-9A1E7A4F7556}") = "DotNetBrightener.SimpleUploadService", "Infrastructure\DotNetBrightener.SimpleUploadService\DotNetBrightener.SimpleUploadService.csproj", "{35F8279B-DB86-4412-B519-BC9EE20D4405}"
EndProject
Project("{9A19103F-16F7-4668-BE54-9A1E7A4F7556}") = "DotNetBrightener.MultiTenancy", "Infrastructure\DotNetBrightener.MultiTenancy\DotNetBrightener.MultiTenancy.csproj", "{6FFC158F-337D-4001-8261-F22C5A757B67}"
EndProject
Project("{9A19103F-16F7-4668-BE54-9A1E7A4F7556}") = "DotNetBrightener.FriendlyRoutingLibrary", "Infrastructure\DotNetBrightener.FriendlyRoutingLibrary\DotNetBrightener.FriendlyRoutingLibrary.csproj", "{D9CF02F1-495C-4011-A83E-59FE3876259C}"
EndProject
Project("{9A19103F-16F7-4668-BE54-9A1E7A4F7556}") = "DotNetBrightener.Core.StartupTask", "Infrastructure\DotNetBrightener.Core.StartupTask\DotNetBrightener.Core.StartupTask.csproj", "{7E618AFD-CF2F-4A14-B949-FDD79AEE1133}"
EndProject
Project("{9A19103F-16F7-4668-BE54-9A1E7A4F7556}") = "DotNetBrightener.Core.Logging", "Infrastructure\DotNetBrightener.Core.Logging\DotNetBrightener.Core.Logging.csproj", "{B89D0A74-E80D-44DF-8D47-72B16C47DAC4}"
EndProject
Project("{9A19103F-16F7-4668-BE54-9A1E7A4F7556}") = "DotNetBrightener.Core.BackgroundTasks", "Infrastructure\DotNetBrightener.Core.BackgroundTasks\DotNetBrightener.Core.BackgroundTasks.csproj", "{B57F410A-9DC3-4B02-BD94-B7DE5CE96A9F}"
EndProject
Project("{D954291E-2A0B-460D-934E-DC6B0785DB48}") = "SharedExtensions.DateTimeProvider", "Shared\SharedExtensions.DateTimeProvider\SharedExtensions.DateTimeProvider.shproj", "{8AA48C89-69EE-47DB-8CE4-B7B40B36A210}"
EndProject
Project("{D954291E-2A0B-460D-934E-DC6B0785DB48}") = "SharedExtensions.HttpContext", "Shared\SharedExtensions.HttpContext\SharedExtensions.HttpContext.shproj", "{EB78590D-83BE-404A-B554-1E436ECD64F7}"
EndProject
Project("{D954291E-2A0B-460D-934E-DC6B0785DB48}") = "SharedExtensions.MvcBuilder", "Shared\SharedExtensions.MvcBuilder\SharedExtensions.MvcBuilder.shproj", "{FF19BE9F-9E7F-4B69-AC0C-F80EE2218228}"
EndProject
Project("{9A19103F-16F7-4668-BE54-9A1E7A4F7556}") = "DotNetBrightener.SiteSettings", "Infrastructure\DotNetBrightener.SiteSettings\DotNetBrightener.SiteSettings.csproj", "{5B777C3C-FFE6-4C98-B9F6-DD7DE4F11FB4}"
EndProject
Project("{9A19103F-16F7-4668-BE54-9A1E7A4F7556}") = "DotNetBrightener.WebApp.CommonShared", "Infrastructure\CommonShared\DotNetBrightener.WebApp.CommonShared.csproj", "{955D542A-3924-4336-A903-C9D94C12B35A}"
EndProject
Project("{9A19103F-16F7-4668-BE54-9A1E7A4F7556}") = "DotNetBrightener.UploadService.AzureBlobStorage", "Infrastructure\DotNetBrightener.UploadService.AzureBlobStorage\DotNetBrightener.UploadService.AzureBlobStorage.csproj", "{666DE9DA-442B-4A5D-B875-4E877AB36AA9}"
EndProject
Project("{9A19103F-16F7-4668-BE54-9A1E7A4F7556}") = "DotNetBrightener.SimpleIdentityServer", "Infrastructure\DotNetBrightener.SimpleIdentityServer\DotNetBrightener.SimpleIdentityServer.csproj", "{E7088F1B-434A-42F3-A025-5EE967A62214}"
EndProject
Project("{9A19103F-16F7-4668-BE54-9A1E7A4F7556}") = "DotNetBrightener.Infrastructure.JwtAuthentication", "Security\DotNetBrightener.Infrastructure.JwtAuthentication\DotNetBrightener.Infrastructure.JwtAuthentication.csproj", "{7103C447-DB31-4128-9E7A-47872CE5DF58}"
EndProject
Project("{9A19103F-16F7-4668-BE54-9A1E7A4F7556}") = "DotNetBrightener.Infrastructure.ApiKeyAuthentication", "Security\DotNetBrightener.Infrastructure.ApiKeyAuthentication\DotNetBrightener.Infrastructure.ApiKeyAuthentication.csproj", "{F1B6F426-1EA7-4571-8F9A-2FC5CCE1DCC5}"
EndProject
Project("{9A19103F-16F7-4668-BE54-9A1E7A4F7556}") = "DotNetBrightener.InfisicalVaultClient", "Security\DotNetBrightener.InfisicalVaultClient\DotNetBrightener.InfisicalVaultClient.csproj", "{1BDF655B-BBED-41AF-8957-62EAAF2253C1}"
EndProject
Project("{9A19103F-16F7-4668-BE54-9A1E7A4F7556}") = "DotNetBrightener.InfisicalVaultClient.Tests", "Security\DotNetBrightener.InfisicalVaultClient.Tests\DotNetBrightener.InfisicalVaultClient.Tests.csproj", "{CA2AE0BA-1296-4B33-9108-17B87CF40706}"
EndProject
Global
	GlobalSection(SolutionConfigurationPlatforms) = preSolution
		Debug|Any CPU = Debug|Any CPU
		Debug|ARM64 = Debug|ARM64
		Release|Any CPU = Release|Any CPU
		Release|ARM64 = Release|ARM64
	EndGlobalSection
	GlobalSection(ProjectConfigurationPlatforms) = postSolution
		{F61705CC-CC79-479C-8087-3E1762342C75}.Debug|Any CPU.ActiveCfg = Debug|Any CPU
		{F61705CC-CC79-479C-8087-3E1762342C75}.Debug|Any CPU.Build.0 = Debug|Any CPU
		{F61705CC-CC79-479C-8087-3E1762342C75}.Debug|ARM64.ActiveCfg = Debug|ARM64
		{F61705CC-CC79-479C-8087-3E1762342C75}.Debug|ARM64.Build.0 = Debug|ARM64
		{F61705CC-CC79-479C-8087-3E1762342C75}.Release|Any CPU.ActiveCfg = Release|Any CPU
		{F61705CC-CC79-479C-8087-3E1762342C75}.Release|Any CPU.Build.0 = Release|Any CPU
		{F61705CC-CC79-479C-8087-3E1762342C75}.Release|ARM64.ActiveCfg = Release|ARM64
		{F61705CC-CC79-479C-8087-3E1762342C75}.Release|ARM64.Build.0 = Release|ARM64
		{F57E424A-9D77-4321-B557-377C63832857}.Debug|Any CPU.ActiveCfg = Debug|Any CPU
		{F57E424A-9D77-4321-B557-377C63832857}.Debug|Any CPU.Build.0 = Debug|Any CPU
		{F57E424A-9D77-4321-B557-377C63832857}.Debug|ARM64.ActiveCfg = Debug|ARM64
		{F57E424A-9D77-4321-B557-377C63832857}.Debug|ARM64.Build.0 = Debug|ARM64
		{F57E424A-9D77-4321-B557-377C63832857}.Release|Any CPU.ActiveCfg = Release|Any CPU
		{F57E424A-9D77-4321-B557-377C63832857}.Release|Any CPU.Build.0 = Release|Any CPU
		{F57E424A-9D77-4321-B557-377C63832857}.Release|ARM64.ActiveCfg = Release|ARM64
		{F57E424A-9D77-4321-B557-377C63832857}.Release|ARM64.Build.0 = Release|ARM64
		{74D8483B-19B2-4324-8520-44FEC65FE42E}.Debug|Any CPU.ActiveCfg = Debug|Any CPU
		{74D8483B-19B2-4324-8520-44FEC65FE42E}.Debug|Any CPU.Build.0 = Debug|Any CPU
		{74D8483B-19B2-4324-8520-44FEC65FE42E}.Debug|ARM64.ActiveCfg = Debug|ARM64
		{74D8483B-19B2-4324-8520-44FEC65FE42E}.Debug|ARM64.Build.0 = Debug|ARM64
		{74D8483B-19B2-4324-8520-44FEC65FE42E}.Release|Any CPU.ActiveCfg = Release|Any CPU
		{74D8483B-19B2-4324-8520-44FEC65FE42E}.Release|Any CPU.Build.0 = Release|Any CPU
		{74D8483B-19B2-4324-8520-44FEC65FE42E}.Release|ARM64.ActiveCfg = Release|ARM64
		{74D8483B-19B2-4324-8520-44FEC65FE42E}.Release|ARM64.Build.0 = Release|ARM64
		{C489AFDB-E2F3-45A7-8AB4-5990D092DB8E}.Debug|Any CPU.ActiveCfg = Debug|Any CPU
		{C489AFDB-E2F3-45A7-8AB4-5990D092DB8E}.Debug|Any CPU.Build.0 = Debug|Any CPU
		{C489AFDB-E2F3-45A7-8AB4-5990D092DB8E}.Debug|ARM64.ActiveCfg = Debug|ARM64
		{C489AFDB-E2F3-45A7-8AB4-5990D092DB8E}.Debug|ARM64.Build.0 = Debug|ARM64
		{C489AFDB-E2F3-45A7-8AB4-5990D092DB8E}.Release|Any CPU.ActiveCfg = Release|Any CPU
		{C489AFDB-E2F3-45A7-8AB4-5990D092DB8E}.Release|Any CPU.Build.0 = Release|Any CPU
		{C489AFDB-E2F3-45A7-8AB4-5990D092DB8E}.Release|ARM64.ActiveCfg = Release|ARM64
		{C489AFDB-E2F3-45A7-8AB4-5990D092DB8E}.Release|ARM64.Build.0 = Release|ARM64
		{720FA6C5-3ADD-4B7B-9FAF-8B775B667401}.Debug|Any CPU.ActiveCfg = Debug|Any CPU
		{720FA6C5-3ADD-4B7B-9FAF-8B775B667401}.Debug|Any CPU.Build.0 = Debug|Any CPU
		{720FA6C5-3ADD-4B7B-9FAF-8B775B667401}.Debug|ARM64.ActiveCfg = Debug|ARM64
		{720FA6C5-3ADD-4B7B-9FAF-8B775B667401}.Debug|ARM64.Build.0 = Debug|ARM64
		{720FA6C5-3ADD-4B7B-9FAF-8B775B667401}.Release|Any CPU.ActiveCfg = Release|Any CPU
		{720FA6C5-3ADD-4B7B-9FAF-8B775B667401}.Release|Any CPU.Build.0 = Release|Any CPU
		{720FA6C5-3ADD-4B7B-9FAF-8B775B667401}.Release|ARM64.ActiveCfg = Release|ARM64
		{720FA6C5-3ADD-4B7B-9FAF-8B775B667401}.Release|ARM64.Build.0 = Release|ARM64
		{E0D3E777-C608-432C-9AEA-B549C41B07FA}.Debug|Any CPU.ActiveCfg = Debug|Any CPU
		{E0D3E777-C608-432C-9AEA-B549C41B07FA}.Debug|Any CPU.Build.0 = Debug|Any CPU
		{E0D3E777-C608-432C-9AEA-B549C41B07FA}.Debug|ARM64.ActiveCfg = Debug|ARM64
		{E0D3E777-C608-432C-9AEA-B549C41B07FA}.Debug|ARM64.Build.0 = Debug|ARM64
		{E0D3E777-C608-432C-9AEA-B549C41B07FA}.Release|Any CPU.ActiveCfg = Release|Any CPU
		{E0D3E777-C608-432C-9AEA-B549C41B07FA}.Release|Any CPU.Build.0 = Release|Any CPU
		{E0D3E777-C608-432C-9AEA-B549C41B07FA}.Release|ARM64.ActiveCfg = Release|ARM64
		{E0D3E777-C608-432C-9AEA-B549C41B07FA}.Release|ARM64.Build.0 = Release|ARM64
		{2D908DBB-82A9-4BB3-AA69-64575951FCD5}.Debug|Any CPU.ActiveCfg = Debug|Any CPU
		{2D908DBB-82A9-4BB3-AA69-64575951FCD5}.Debug|Any CPU.Build.0 = Debug|Any CPU
		{2D908DBB-82A9-4BB3-AA69-64575951FCD5}.Debug|ARM64.ActiveCfg = Debug|ARM64
		{2D908DBB-82A9-4BB3-AA69-64575951FCD5}.Debug|ARM64.Build.0 = Debug|ARM64
		{2D908DBB-82A9-4BB3-AA69-64575951FCD5}.Release|Any CPU.ActiveCfg = Release|Any CPU
		{2D908DBB-82A9-4BB3-AA69-64575951FCD5}.Release|Any CPU.Build.0 = Release|Any CPU
		{2D908DBB-82A9-4BB3-AA69-64575951FCD5}.Release|ARM64.ActiveCfg = Release|ARM64
		{2D908DBB-82A9-4BB3-AA69-64575951FCD5}.Release|ARM64.Build.0 = Release|ARM64
		{40AB7A65-61F4-460B-A859-85CA27342BA7}.Debug|Any CPU.ActiveCfg = Debug|Any CPU
		{40AB7A65-61F4-460B-A859-85CA27342BA7}.Debug|Any CPU.Build.0 = Debug|Any CPU
		{40AB7A65-61F4-460B-A859-85CA27342BA7}.Debug|ARM64.ActiveCfg = Debug|ARM64
		{40AB7A65-61F4-460B-A859-85CA27342BA7}.Debug|ARM64.Build.0 = Debug|ARM64
		{40AB7A65-61F4-460B-A859-85CA27342BA7}.Release|Any CPU.ActiveCfg = Release|Any CPU
		{40AB7A65-61F4-460B-A859-85CA27342BA7}.Release|Any CPU.Build.0 = Release|Any CPU
		{40AB7A65-61F4-460B-A859-85CA27342BA7}.Release|ARM64.ActiveCfg = Release|ARM64
		{40AB7A65-61F4-460B-A859-85CA27342BA7}.Release|ARM64.Build.0 = Release|ARM64
		{7D3709D1-1AA1-4F52-B6F1-0398F4977049}.Debug|Any CPU.ActiveCfg = Debug|Any CPU
		{7D3709D1-1AA1-4F52-B6F1-0398F4977049}.Debug|Any CPU.Build.0 = Debug|Any CPU
		{7D3709D1-1AA1-4F52-B6F1-0398F4977049}.Debug|ARM64.ActiveCfg = Debug|ARM64
		{7D3709D1-1AA1-4F52-B6F1-0398F4977049}.Debug|ARM64.Build.0 = Debug|ARM64
		{7D3709D1-1AA1-4F52-B6F1-0398F4977049}.Release|Any CPU.ActiveCfg = Release|Any CPU
		{7D3709D1-1AA1-4F52-B6F1-0398F4977049}.Release|Any CPU.Build.0 = Release|Any CPU
		{7D3709D1-1AA1-4F52-B6F1-0398F4977049}.Release|ARM64.ActiveCfg = Release|ARM64
		{7D3709D1-1AA1-4F52-B6F1-0398F4977049}.Release|ARM64.Build.0 = Release|ARM64
		{F5932DAA-7B08-46D4-BF7E-8F60AB8F3543}.Debug|Any CPU.ActiveCfg = Debug|Any CPU
		{F5932DAA-7B08-46D4-BF7E-8F60AB8F3543}.Debug|Any CPU.Build.0 = Debug|Any CPU
		{F5932DAA-7B08-46D4-BF7E-8F60AB8F3543}.Debug|ARM64.ActiveCfg = Debug|ARM64
		{F5932DAA-7B08-46D4-BF7E-8F60AB8F3543}.Debug|ARM64.Build.0 = Debug|ARM64
		{F5932DAA-7B08-46D4-BF7E-8F60AB8F3543}.Release|Any CPU.ActiveCfg = Release|Any CPU
		{F5932DAA-7B08-46D4-BF7E-8F60AB8F3543}.Release|Any CPU.Build.0 = Release|Any CPU
		{F5932DAA-7B08-46D4-BF7E-8F60AB8F3543}.Release|ARM64.ActiveCfg = Release|ARM64
		{F5932DAA-7B08-46D4-BF7E-8F60AB8F3543}.Release|ARM64.Build.0 = Release|ARM64
		{11A36038-D86A-4DC9-B660-D881D242EE2F}.Debug|Any CPU.ActiveCfg = Debug|Any CPU
		{11A36038-D86A-4DC9-B660-D881D242EE2F}.Debug|Any CPU.Build.0 = Debug|Any CPU
		{11A36038-D86A-4DC9-B660-D881D242EE2F}.Debug|ARM64.ActiveCfg = Debug|ARM64
		{11A36038-D86A-4DC9-B660-D881D242EE2F}.Debug|ARM64.Build.0 = Debug|ARM64
		{11A36038-D86A-4DC9-B660-D881D242EE2F}.Release|Any CPU.ActiveCfg = Release|Any CPU
		{11A36038-D86A-4DC9-B660-D881D242EE2F}.Release|Any CPU.Build.0 = Release|Any CPU
		{11A36038-D86A-4DC9-B660-D881D242EE2F}.Release|ARM64.ActiveCfg = Release|ARM64
		{11A36038-D86A-4DC9-B660-D881D242EE2F}.Release|ARM64.Build.0 = Release|ARM64
		{49A3DADA-E976-4DC6-BEC2-7A2B448E890A}.Debug|Any CPU.ActiveCfg = Debug|Any CPU
		{49A3DADA-E976-4DC6-BEC2-7A2B448E890A}.Debug|Any CPU.Build.0 = Debug|Any CPU
		{49A3DADA-E976-4DC6-BEC2-7A2B448E890A}.Debug|ARM64.ActiveCfg = Debug|ARM64
		{49A3DADA-E976-4DC6-BEC2-7A2B448E890A}.Debug|ARM64.Build.0 = Debug|ARM64
		{49A3DADA-E976-4DC6-BEC2-7A2B448E890A}.Release|Any CPU.ActiveCfg = Release|Any CPU
		{49A3DADA-E976-4DC6-BEC2-7A2B448E890A}.Release|Any CPU.Build.0 = Release|Any CPU
		{49A3DADA-E976-4DC6-BEC2-7A2B448E890A}.Release|ARM64.ActiveCfg = Release|ARM64
		{49A3DADA-E976-4DC6-BEC2-7A2B448E890A}.Release|ARM64.Build.0 = Release|ARM64
		{1A8ADDA9-015E-4CAD-8137-B15A3A3D5DA1}.Debug|Any CPU.ActiveCfg = Debug|Any CPU
		{1A8ADDA9-015E-4CAD-8137-B15A3A3D5DA1}.Debug|Any CPU.Build.0 = Debug|Any CPU
		{1A8ADDA9-015E-4CAD-8137-B15A3A3D5DA1}.Debug|ARM64.ActiveCfg = Debug|ARM64
		{1A8ADDA9-015E-4CAD-8137-B15A3A3D5DA1}.Debug|ARM64.Build.0 = Debug|ARM64
		{1A8ADDA9-015E-4CAD-8137-B15A3A3D5DA1}.Release|Any CPU.ActiveCfg = Release|Any CPU
		{1A8ADDA9-015E-4CAD-8137-B15A3A3D5DA1}.Release|Any CPU.Build.0 = Release|Any CPU
		{1A8ADDA9-015E-4CAD-8137-B15A3A3D5DA1}.Release|ARM64.ActiveCfg = Release|ARM64
		{1A8ADDA9-015E-4CAD-8137-B15A3A3D5DA1}.Release|ARM64.Build.0 = Release|ARM64
		{6EE8521B-CA33-45A6-899D-BD48D8DCCBAC}.Debug|Any CPU.ActiveCfg = Debug|Any CPU
		{6EE8521B-CA33-45A6-899D-BD48D8DCCBAC}.Debug|Any CPU.Build.0 = Debug|Any CPU
		{6EE8521B-CA33-45A6-899D-BD48D8DCCBAC}.Debug|ARM64.ActiveCfg = Debug|ARM64
		{6EE8521B-CA33-45A6-899D-BD48D8DCCBAC}.Debug|ARM64.Build.0 = Debug|ARM64
		{6EE8521B-CA33-45A6-899D-BD48D8DCCBAC}.Release|Any CPU.ActiveCfg = Release|Any CPU
		{6EE8521B-CA33-45A6-899D-BD48D8DCCBAC}.Release|Any CPU.Build.0 = Release|Any CPU
		{6EE8521B-CA33-45A6-899D-BD48D8DCCBAC}.Release|ARM64.ActiveCfg = Release|ARM64
		{6EE8521B-CA33-45A6-899D-BD48D8DCCBAC}.Release|ARM64.Build.0 = Release|ARM64
		{8DF55705-F116-48E5-98DB-F47545CD13FF}.Debug|Any CPU.ActiveCfg = Debug|Any CPU
		{8DF55705-F116-48E5-98DB-F47545CD13FF}.Debug|Any CPU.Build.0 = Debug|Any CPU
		{8DF55705-F116-48E5-98DB-F47545CD13FF}.Debug|ARM64.ActiveCfg = Debug|ARM64
		{8DF55705-F116-48E5-98DB-F47545CD13FF}.Debug|ARM64.Build.0 = Debug|ARM64
		{8DF55705-F116-48E5-98DB-F47545CD13FF}.Release|Any CPU.ActiveCfg = Release|Any CPU
		{8DF55705-F116-48E5-98DB-F47545CD13FF}.Release|Any CPU.Build.0 = Release|Any CPU
		{8DF55705-F116-48E5-98DB-F47545CD13FF}.Release|ARM64.ActiveCfg = Release|ARM64
		{8DF55705-F116-48E5-98DB-F47545CD13FF}.Release|ARM64.Build.0 = Release|ARM64
		{FEF071A1-5AC1-443D-B3B8-1B5C809C041A}.Debug|Any CPU.ActiveCfg = Debug|Any CPU
		{FEF071A1-5AC1-443D-B3B8-1B5C809C041A}.Debug|Any CPU.Build.0 = Debug|Any CPU
		{FEF071A1-5AC1-443D-B3B8-1B5C809C041A}.Debug|ARM64.ActiveCfg = Debug|ARM64
		{FEF071A1-5AC1-443D-B3B8-1B5C809C041A}.Debug|ARM64.Build.0 = Debug|ARM64
		{FEF071A1-5AC1-443D-B3B8-1B5C809C041A}.Release|Any CPU.ActiveCfg = Release|Any CPU
		{FEF071A1-5AC1-443D-B3B8-1B5C809C041A}.Release|Any CPU.Build.0 = Release|Any CPU
		{FEF071A1-5AC1-443D-B3B8-1B5C809C041A}.Release|ARM64.ActiveCfg = Release|ARM64
		{FEF071A1-5AC1-443D-B3B8-1B5C809C041A}.Release|ARM64.Build.0 = Release|ARM64
		{3DCF2B91-9315-4961-B453-FA0BB0BBE445}.Debug|Any CPU.ActiveCfg = Debug|Any CPU
		{3DCF2B91-9315-4961-B453-FA0BB0BBE445}.Debug|Any CPU.Build.0 = Debug|Any CPU
		{3DCF2B91-9315-4961-B453-FA0BB0BBE445}.Debug|ARM64.ActiveCfg = Debug|ARM64
		{3DCF2B91-9315-4961-B453-FA0BB0BBE445}.Debug|ARM64.Build.0 = Debug|ARM64
		{3DCF2B91-9315-4961-B453-FA0BB0BBE445}.Release|Any CPU.ActiveCfg = Release|Any CPU
		{3DCF2B91-9315-4961-B453-FA0BB0BBE445}.Release|Any CPU.Build.0 = Release|Any CPU
		{3DCF2B91-9315-4961-B453-FA0BB0BBE445}.Release|ARM64.ActiveCfg = Release|ARM64
		{3DCF2B91-9315-4961-B453-FA0BB0BBE445}.Release|ARM64.Build.0 = Release|ARM64
		{85BC6CCB-4857-4600-91BE-F1D69AF4D0E8}.Debug|Any CPU.ActiveCfg = Debug|Any CPU
		{85BC6CCB-4857-4600-91BE-F1D69AF4D0E8}.Debug|Any CPU.Build.0 = Debug|Any CPU
		{85BC6CCB-4857-4600-91BE-F1D69AF4D0E8}.Debug|ARM64.ActiveCfg = Debug|ARM64
		{85BC6CCB-4857-4600-91BE-F1D69AF4D0E8}.Debug|ARM64.Build.0 = Debug|ARM64
		{85BC6CCB-4857-4600-91BE-F1D69AF4D0E8}.Release|Any CPU.ActiveCfg = Release|Any CPU
		{85BC6CCB-4857-4600-91BE-F1D69AF4D0E8}.Release|Any CPU.Build.0 = Release|Any CPU
		{85BC6CCB-4857-4600-91BE-F1D69AF4D0E8}.Release|ARM64.ActiveCfg = Release|ARM64
		{85BC6CCB-4857-4600-91BE-F1D69AF4D0E8}.Release|ARM64.Build.0 = Release|ARM64
		{F9D8AED6-CB01-4F6F-B397-F0C48E144B73}.Debug|Any CPU.ActiveCfg = Debug|Any CPU
		{F9D8AED6-CB01-4F6F-B397-F0C48E144B73}.Debug|Any CPU.Build.0 = Debug|Any CPU
		{F9D8AED6-CB01-4F6F-B397-F0C48E144B73}.Debug|ARM64.ActiveCfg = Debug|ARM64
		{F9D8AED6-CB01-4F6F-B397-F0C48E144B73}.Debug|ARM64.Build.0 = Debug|ARM64
		{F9D8AED6-CB01-4F6F-B397-F0C48E144B73}.Release|Any CPU.ActiveCfg = Release|Any CPU
		{F9D8AED6-CB01-4F6F-B397-F0C48E144B73}.Release|Any CPU.Build.0 = Release|Any CPU
		{F9D8AED6-CB01-4F6F-B397-F0C48E144B73}.Release|ARM64.ActiveCfg = Release|ARM64
		{F9D8AED6-CB01-4F6F-B397-F0C48E144B73}.Release|ARM64.Build.0 = Release|ARM64
		{09E410F1-A947-4128-90DA-74BE5BD5795D}.Debug|Any CPU.ActiveCfg = Debug|Any CPU
		{09E410F1-A947-4128-90DA-74BE5BD5795D}.Debug|Any CPU.Build.0 = Debug|Any CPU
		{09E410F1-A947-4128-90DA-74BE5BD5795D}.Debug|ARM64.ActiveCfg = Debug|ARM64
		{09E410F1-A947-4128-90DA-74BE5BD5795D}.Debug|ARM64.Build.0 = Debug|ARM64
		{09E410F1-A947-4128-90DA-74BE5BD5795D}.Release|Any CPU.ActiveCfg = Release|Any CPU
		{09E410F1-A947-4128-90DA-74BE5BD5795D}.Release|Any CPU.Build.0 = Release|Any CPU
		{09E410F1-A947-4128-90DA-74BE5BD5795D}.Release|ARM64.ActiveCfg = Release|ARM64
		{09E410F1-A947-4128-90DA-74BE5BD5795D}.Release|ARM64.Build.0 = Release|ARM64
		{9833380D-01CD-426D-9AF7-6F11C8F13782}.Debug|Any CPU.ActiveCfg = Debug|Any CPU
		{9833380D-01CD-426D-9AF7-6F11C8F13782}.Debug|Any CPU.Build.0 = Debug|Any CPU
		{9833380D-01CD-426D-9AF7-6F11C8F13782}.Debug|ARM64.ActiveCfg = Debug|ARM64
		{9833380D-01CD-426D-9AF7-6F11C8F13782}.Debug|ARM64.Build.0 = Debug|ARM64
		{9833380D-01CD-426D-9AF7-6F11C8F13782}.Release|Any CPU.ActiveCfg = Release|Any CPU
		{9833380D-01CD-426D-9AF7-6F11C8F13782}.Release|Any CPU.Build.0 = Release|Any CPU
		{9833380D-01CD-426D-9AF7-6F11C8F13782}.Release|ARM64.ActiveCfg = Release|ARM64
		{9833380D-01CD-426D-9AF7-6F11C8F13782}.Release|ARM64.Build.0 = Release|ARM64
		{35F8279B-DB86-4412-B519-BC9EE20D4405}.Debug|Any CPU.ActiveCfg = Debug|Any CPU
		{35F8279B-DB86-4412-B519-BC9EE20D4405}.Debug|Any CPU.Build.0 = Debug|Any CPU
		{35F8279B-DB86-4412-B519-BC9EE20D4405}.Debug|ARM64.ActiveCfg = Debug|ARM64
		{35F8279B-DB86-4412-B519-BC9EE20D4405}.Debug|ARM64.Build.0 = Debug|ARM64
		{35F8279B-DB86-4412-B519-BC9EE20D4405}.Release|Any CPU.ActiveCfg = Release|Any CPU
		{35F8279B-DB86-4412-B519-BC9EE20D4405}.Release|Any CPU.Build.0 = Release|Any CPU
		{35F8279B-DB86-4412-B519-BC9EE20D4405}.Release|ARM64.ActiveCfg = Release|ARM64
		{35F8279B-DB86-4412-B519-BC9EE20D4405}.Release|ARM64.Build.0 = Release|ARM64
		{6FFC158F-337D-4001-8261-F22C5A757B67}.Debug|Any CPU.ActiveCfg = Debug|Any CPU
		{6FFC158F-337D-4001-8261-F22C5A757B67}.Debug|Any CPU.Build.0 = Debug|Any CPU
		{6FFC158F-337D-4001-8261-F22C5A757B67}.Debug|ARM64.ActiveCfg = Debug|ARM64
		{6FFC158F-337D-4001-8261-F22C5A757B67}.Debug|ARM64.Build.0 = Debug|ARM64
		{6FFC158F-337D-4001-8261-F22C5A757B67}.Release|Any CPU.ActiveCfg = Release|Any CPU
		{6FFC158F-337D-4001-8261-F22C5A757B67}.Release|Any CPU.Build.0 = Release|Any CPU
		{6FFC158F-337D-4001-8261-F22C5A757B67}.Release|ARM64.ActiveCfg = Release|ARM64
		{6FFC158F-337D-4001-8261-F22C5A757B67}.Release|ARM64.Build.0 = Release|ARM64
		{D9CF02F1-495C-4011-A83E-59FE3876259C}.Debug|Any CPU.ActiveCfg = Debug|Any CPU
		{D9CF02F1-495C-4011-A83E-59FE3876259C}.Debug|Any CPU.Build.0 = Debug|Any CPU
		{D9CF02F1-495C-4011-A83E-59FE3876259C}.Debug|ARM64.ActiveCfg = Debug|ARM64
		{D9CF02F1-495C-4011-A83E-59FE3876259C}.Debug|ARM64.Build.0 = Debug|ARM64
		{D9CF02F1-495C-4011-A83E-59FE3876259C}.Release|Any CPU.ActiveCfg = Release|Any CPU
		{D9CF02F1-495C-4011-A83E-59FE3876259C}.Release|Any CPU.Build.0 = Release|Any CPU
		{D9CF02F1-495C-4011-A83E-59FE3876259C}.Release|ARM64.ActiveCfg = Release|ARM64
		{D9CF02F1-495C-4011-A83E-59FE3876259C}.Release|ARM64.Build.0 = Release|ARM64
		{7E618AFD-CF2F-4A14-B949-FDD79AEE1133}.Debug|Any CPU.ActiveCfg = Debug|Any CPU
		{7E618AFD-CF2F-4A14-B949-FDD79AEE1133}.Debug|Any CPU.Build.0 = Debug|Any CPU
		{7E618AFD-CF2F-4A14-B949-FDD79AEE1133}.Debug|ARM64.ActiveCfg = Debug|ARM64
		{7E618AFD-CF2F-4A14-B949-FDD79AEE1133}.Debug|ARM64.Build.0 = Debug|ARM64
		{7E618AFD-CF2F-4A14-B949-FDD79AEE1133}.Release|Any CPU.ActiveCfg = Release|Any CPU
		{7E618AFD-CF2F-4A14-B949-FDD79AEE1133}.Release|Any CPU.Build.0 = Release|Any CPU
		{7E618AFD-CF2F-4A14-B949-FDD79AEE1133}.Release|ARM64.ActiveCfg = Release|ARM64
		{7E618AFD-CF2F-4A14-B949-FDD79AEE1133}.Release|ARM64.Build.0 = Release|ARM64
		{B89D0A74-E80D-44DF-8D47-72B16C47DAC4}.Debug|Any CPU.ActiveCfg = Debug|Any CPU
		{B89D0A74-E80D-44DF-8D47-72B16C47DAC4}.Debug|Any CPU.Build.0 = Debug|Any CPU
		{B89D0A74-E80D-44DF-8D47-72B16C47DAC4}.Debug|ARM64.ActiveCfg = Debug|ARM64
		{B89D0A74-E80D-44DF-8D47-72B16C47DAC4}.Debug|ARM64.Build.0 = Debug|ARM64
		{B89D0A74-E80D-44DF-8D47-72B16C47DAC4}.Release|Any CPU.ActiveCfg = Release|Any CPU
		{B89D0A74-E80D-44DF-8D47-72B16C47DAC4}.Release|Any CPU.Build.0 = Release|Any CPU
		{B89D0A74-E80D-44DF-8D47-72B16C47DAC4}.Release|ARM64.ActiveCfg = Release|ARM64
		{B89D0A74-E80D-44DF-8D47-72B16C47DAC4}.Release|ARM64.Build.0 = Release|ARM64
		{B57F410A-9DC3-4B02-BD94-B7DE5CE96A9F}.Debug|Any CPU.ActiveCfg = Debug|Any CPU
		{B57F410A-9DC3-4B02-BD94-B7DE5CE96A9F}.Debug|Any CPU.Build.0 = Debug|Any CPU
		{B57F410A-9DC3-4B02-BD94-B7DE5CE96A9F}.Debug|ARM64.ActiveCfg = Debug|ARM64
		{B57F410A-9DC3-4B02-BD94-B7DE5CE96A9F}.Debug|ARM64.Build.0 = Debug|ARM64
		{B57F410A-9DC3-4B02-BD94-B7DE5CE96A9F}.Release|Any CPU.ActiveCfg = Release|Any CPU
		{B57F410A-9DC3-4B02-BD94-B7DE5CE96A9F}.Release|Any CPU.Build.0 = Release|Any CPU
		{B57F410A-9DC3-4B02-BD94-B7DE5CE96A9F}.Release|ARM64.ActiveCfg = Release|ARM64
		{B57F410A-9DC3-4B02-BD94-B7DE5CE96A9F}.Release|ARM64.Build.0 = Release|ARM64
		{5B777C3C-FFE6-4C98-B9F6-DD7DE4F11FB4}.Debug|Any CPU.ActiveCfg = Debug|Any CPU
		{5B777C3C-FFE6-4C98-B9F6-DD7DE4F11FB4}.Debug|Any CPU.Build.0 = Debug|Any CPU
		{5B777C3C-FFE6-4C98-B9F6-DD7DE4F11FB4}.Debug|ARM64.ActiveCfg = Debug|ARM64
		{5B777C3C-FFE6-4C98-B9F6-DD7DE4F11FB4}.Debug|ARM64.Build.0 = Debug|ARM64
		{5B777C3C-FFE6-4C98-B9F6-DD7DE4F11FB4}.Release|Any CPU.ActiveCfg = Release|Any CPU
		{5B777C3C-FFE6-4C98-B9F6-DD7DE4F11FB4}.Release|Any CPU.Build.0 = Release|Any CPU
		{5B777C3C-FFE6-4C98-B9F6-DD7DE4F11FB4}.Release|ARM64.ActiveCfg = Release|ARM64
		{5B777C3C-FFE6-4C98-B9F6-DD7DE4F11FB4}.Release|ARM64.Build.0 = Release|ARM64
		{955D542A-3924-4336-A903-C9D94C12B35A}.Debug|Any CPU.ActiveCfg = Debug|Any CPU
		{955D542A-3924-4336-A903-C9D94C12B35A}.Debug|Any CPU.Build.0 = Debug|Any CPU
		{955D542A-3924-4336-A903-C9D94C12B35A}.Debug|ARM64.ActiveCfg = Debug|Any CPU
		{955D542A-3924-4336-A903-C9D94C12B35A}.Debug|ARM64.Build.0 = Debug|Any CPU
		{955D542A-3924-4336-A903-C9D94C12B35A}.Release|Any CPU.ActiveCfg = Release|Any CPU
		{955D542A-3924-4336-A903-C9D94C12B35A}.Release|Any CPU.Build.0 = Release|Any CPU
		{955D542A-3924-4336-A903-C9D94C12B35A}.Release|ARM64.ActiveCfg = Release|Any CPU
		{955D542A-3924-4336-A903-C9D94C12B35A}.Release|ARM64.Build.0 = Release|Any CPU
		{666DE9DA-442B-4A5D-B875-4E877AB36AA9}.Debug|Any CPU.ActiveCfg = Debug|Any CPU
		{666DE9DA-442B-4A5D-B875-4E877AB36AA9}.Debug|Any CPU.Build.0 = Debug|Any CPU
		{666DE9DA-442B-4A5D-B875-4E877AB36AA9}.Debug|ARM64.ActiveCfg = Debug|ARM64
		{666DE9DA-442B-4A5D-B875-4E877AB36AA9}.Debug|ARM64.Build.0 = Debug|ARM64
		{666DE9DA-442B-4A5D-B875-4E877AB36AA9}.Release|Any CPU.ActiveCfg = Release|Any CPU
		{666DE9DA-442B-4A5D-B875-4E877AB36AA9}.Release|Any CPU.Build.0 = Release|Any CPU
		{666DE9DA-442B-4A5D-B875-4E877AB36AA9}.Release|ARM64.ActiveCfg = Release|ARM64
		{666DE9DA-442B-4A5D-B875-4E877AB36AA9}.Release|ARM64.Build.0 = Release|ARM64
		{E7088F1B-434A-42F3-A025-5EE967A62214}.Debug|Any CPU.ActiveCfg = Debug|Any CPU
		{E7088F1B-434A-42F3-A025-5EE967A62214}.Debug|Any CPU.Build.0 = Debug|Any CPU
		{E7088F1B-434A-42F3-A025-5EE967A62214}.Debug|ARM64.ActiveCfg = Debug|Any CPU
		{E7088F1B-434A-42F3-A025-5EE967A62214}.Debug|ARM64.Build.0 = Debug|Any CPU
		{E7088F1B-434A-42F3-A025-5EE967A62214}.Release|Any CPU.ActiveCfg = Release|Any CPU
		{E7088F1B-434A-42F3-A025-5EE967A62214}.Release|Any CPU.Build.0 = Release|Any CPU
		{E7088F1B-434A-42F3-A025-5EE967A62214}.Release|ARM64.ActiveCfg = Release|Any CPU
		{E7088F1B-434A-42F3-A025-5EE967A62214}.Release|ARM64.Build.0 = Release|Any CPU
		{7103C447-DB31-4128-9E7A-47872CE5DF58}.Debug|Any CPU.ActiveCfg = Debug|Any CPU
		{7103C447-DB31-4128-9E7A-47872CE5DF58}.Debug|Any CPU.Build.0 = Debug|Any CPU
		{7103C447-DB31-4128-9E7A-47872CE5DF58}.Debug|ARM64.ActiveCfg = Debug|ARM64
		{7103C447-DB31-4128-9E7A-47872CE5DF58}.Debug|ARM64.Build.0 = Debug|ARM64
		{7103C447-DB31-4128-9E7A-47872CE5DF58}.Release|Any CPU.ActiveCfg = Release|Any CPU
		{7103C447-DB31-4128-9E7A-47872CE5DF58}.Release|Any CPU.Build.0 = Release|Any CPU
		{7103C447-DB31-4128-9E7A-47872CE5DF58}.Release|ARM64.ActiveCfg = Release|ARM64
		{7103C447-DB31-4128-9E7A-47872CE5DF58}.Release|ARM64.Build.0 = Release|ARM64
		{F1B6F426-1EA7-4571-8F9A-2FC5CCE1DCC5}.Debug|Any CPU.ActiveCfg = Debug|Any CPU
		{F1B6F426-1EA7-4571-8F9A-2FC5CCE1DCC5}.Debug|Any CPU.Build.0 = Debug|Any CPU
		{F1B6F426-1EA7-4571-8F9A-2FC5CCE1DCC5}.Debug|ARM64.ActiveCfg = Debug|Any CPU
		{F1B6F426-1EA7-4571-8F9A-2FC5CCE1DCC5}.Debug|ARM64.Build.0 = Debug|Any CPU
		{F1B6F426-1EA7-4571-8F9A-2FC5CCE1DCC5}.Release|Any CPU.ActiveCfg = Release|Any CPU
		{F1B6F426-1EA7-4571-8F9A-2FC5CCE1DCC5}.Release|Any CPU.Build.0 = Release|Any CPU
		{F1B6F426-1EA7-4571-8F9A-2FC5CCE1DCC5}.Release|ARM64.ActiveCfg = Release|Any CPU
		{F1B6F426-1EA7-4571-8F9A-2FC5CCE1DCC5}.Release|ARM64.Build.0 = Release|Any CPU
		{1BDF655B-BBED-41AF-8957-62EAAF2253C1}.Debug|Any CPU.ActiveCfg = Debug|Any CPU
		{1BDF655B-BBED-41AF-8957-62EAAF2253C1}.Debug|Any CPU.Build.0 = Debug|Any CPU
		{1BDF655B-BBED-41AF-8957-62EAAF2253C1}.Debug|ARM64.ActiveCfg = Debug|ARM64
		{1BDF655B-BBED-41AF-8957-62EAAF2253C1}.Debug|ARM64.Build.0 = Debug|ARM64
		{1BDF655B-BBED-41AF-8957-62EAAF2253C1}.Release|Any CPU.ActiveCfg = Release|Any CPU
		{1BDF655B-BBED-41AF-8957-62EAAF2253C1}.Release|Any CPU.Build.0 = Release|Any CPU
		{1BDF655B-BBED-41AF-8957-62EAAF2253C1}.Release|ARM64.ActiveCfg = Release|ARM64
		{1BDF655B-BBED-41AF-8957-62EAAF2253C1}.Release|ARM64.Build.0 = Release|ARM64
		{CA2AE0BA-1296-4B33-9108-17B87CF40706}.Debug|Any CPU.ActiveCfg = Debug|Any CPU
		{CA2AE0BA-1296-4B33-9108-17B87CF40706}.Debug|Any CPU.Build.0 = Debug|Any CPU
		{CA2AE0BA-1296-4B33-9108-17B87CF40706}.Debug|ARM64.ActiveCfg = Debug|ARM64
		{CA2AE0BA-1296-4B33-9108-17B87CF40706}.Debug|ARM64.Build.0 = Debug|ARM64
		{CA2AE0BA-1296-4B33-9108-17B87CF40706}.Release|Any CPU.ActiveCfg = Release|Any CPU
		{CA2AE0BA-1296-4B33-9108-17B87CF40706}.Release|Any CPU.Build.0 = Release|Any CPU
		{CA2AE0BA-1296-4B33-9108-17B87CF40706}.Release|ARM64.ActiveCfg = Release|ARM64
		{CA2AE0BA-1296-4B33-9108-17B87CF40706}.Release|ARM64.Build.0 = Release|ARM64
	EndGlobalSection
	GlobalSection(SolutionProperties) = preSolution
		HideSolutionNode = FALSE
	EndGlobalSection
	GlobalSection(NestedProjects) = preSolution
		{F61705CC-CC79-479C-8087-3E1762342C75} = {A8260E20-A153-47F4-AD48-3C711C1C1796}
		{F57E424A-9D77-4321-B557-377C63832857} = {A8260E20-A153-47F4-AD48-3C711C1C1796}
		{74D8483B-19B2-4324-8520-44FEC65FE42E} = {FE96FED7-8F6C-4734-A8CB-4191CD2C914C}
		{C489AFDB-E2F3-45A7-8AB4-5990D092DB8E} = {FE96FED7-8F6C-4734-A8CB-4191CD2C914C}
		{720FA6C5-3ADD-4B7B-9FAF-8B775B667401} = {D1B2A191-6855-4006-9EE5-FFEC5DBA6DC1}
		{E0D3E777-C608-432C-9AEA-B549C41B07FA} = {0BF749BF-71CF-4FA8-9589-D29F5A34EC18}
		{2D908DBB-82A9-4BB3-AA69-64575951FCD5} = {0BF749BF-71CF-4FA8-9589-D29F5A34EC18}
		{40AB7A65-61F4-460B-A859-85CA27342BA7} = {8F6CE9CF-9FBE-4685-9D21-BF687ED88E34}
		{7D3709D1-1AA1-4F52-B6F1-0398F4977049} = {8F6CE9CF-9FBE-4685-9D21-BF687ED88E34}
		{F5932DAA-7B08-46D4-BF7E-8F60AB8F3543} = {9F2E3D63-2AC9-4816-ADE5-7B255E17CC6E}
		{11A36038-D86A-4DC9-B660-D881D242EE2F} = {9F2E3D63-2AC9-4816-ADE5-7B255E17CC6E}
		{49A3DADA-E976-4DC6-BEC2-7A2B448E890A} = {9F2E3D63-2AC9-4816-ADE5-7B255E17CC6E}
		{1A8ADDA9-015E-4CAD-8137-B15A3A3D5DA1} = {9F2E3D63-2AC9-4816-ADE5-7B255E17CC6E}
		{6EE8521B-CA33-45A6-899D-BD48D8DCCBAC} = {9F2E3D63-2AC9-4816-ADE5-7B255E17CC6E}
		{8DF55705-F116-48E5-98DB-F47545CD13FF} = {5B5FD3D4-5CBA-4C04-AA53-FA09BE52BE54}
		{FEF071A1-5AC1-443D-B3B8-1B5C809C041A} = {5B5FD3D4-5CBA-4C04-AA53-FA09BE52BE54}
		{3DCF2B91-9315-4961-B453-FA0BB0BBE445} = {34FD6BD8-7E5C-4861-90CD-A7BCFF2C8010}
		{85BC6CCB-4857-4600-91BE-F1D69AF4D0E8} = {34FD6BD8-7E5C-4861-90CD-A7BCFF2C8010}
		{F9D8AED6-CB01-4F6F-B397-F0C48E144B73} = {34FD6BD8-7E5C-4861-90CD-A7BCFF2C8010}
		{949E66B2-8674-450A-B45B-B5C0E6530E59} = {7205287C-4CD6-4E4D-830D-46F0BBEBB605}
		{2CB41A59-4F22-4813-A509-A43BBC02DAC2} = {7205287C-4CD6-4E4D-830D-46F0BBEBB605}
		{8CD77910-A209-4FFF-A324-DFB73F91D4DA} = {7205287C-4CD6-4E4D-830D-46F0BBEBB605}
		{0F0E79F0-BCB6-43D1-8A4A-5A1D50C36A22} = {7205287C-4CD6-4E4D-830D-46F0BBEBB605}
		{37FCAD5C-AC17-49EF-966A-0B6E18C89276} = {7205287C-4CD6-4E4D-830D-46F0BBEBB605}
		{FE4E97E2-286F-47EE-A7A9-ACA29FD3E217} = {7205287C-4CD6-4E4D-830D-46F0BBEBB605}
		{BB84EC03-5EB3-4BAF-B342-DB2247424702} = {7205287C-4CD6-4E4D-830D-46F0BBEBB605}
		{E4358D5E-109B-4050-A5B9-D4FF094754A4} = {7205287C-4CD6-4E4D-830D-46F0BBEBB605}
		{1DD493F9-6617-4E22-9ACE-AFC40E2E26BB} = {7205287C-4CD6-4E4D-830D-46F0BBEBB605}
		{09E410F1-A947-4128-90DA-74BE5BD5795D} = {8BCFD1A4-6EB1-422B-8A50-E3CB83C8F600}
		{9833380D-01CD-426D-9AF7-6F11C8F13782} = {8BCFD1A4-6EB1-422B-8A50-E3CB83C8F600}
		{35F8279B-DB86-4412-B519-BC9EE20D4405} = {8BCFD1A4-6EB1-422B-8A50-E3CB83C8F600}
		{6FFC158F-337D-4001-8261-F22C5A757B67} = {8BCFD1A4-6EB1-422B-8A50-E3CB83C8F600}
		{D9CF02F1-495C-4011-A83E-59FE3876259C} = {8BCFD1A4-6EB1-422B-8A50-E3CB83C8F600}
		{7E618AFD-CF2F-4A14-B949-FDD79AEE1133} = {8BCFD1A4-6EB1-422B-8A50-E3CB83C8F600}
		{B89D0A74-E80D-44DF-8D47-72B16C47DAC4} = {8BCFD1A4-6EB1-422B-8A50-E3CB83C8F600}
		{B57F410A-9DC3-4B02-BD94-B7DE5CE96A9F} = {8BCFD1A4-6EB1-422B-8A50-E3CB83C8F600}
		{8AA48C89-69EE-47DB-8CE4-B7B40B36A210} = {7205287C-4CD6-4E4D-830D-46F0BBEBB605}
		{EB78590D-83BE-404A-B554-1E436ECD64F7} = {7205287C-4CD6-4E4D-830D-46F0BBEBB605}
		{FF19BE9F-9E7F-4B69-AC0C-F80EE2218228} = {7205287C-4CD6-4E4D-830D-46F0BBEBB605}
		{5B777C3C-FFE6-4C98-B9F6-DD7DE4F11FB4} = {8BCFD1A4-6EB1-422B-8A50-E3CB83C8F600}
		{955D542A-3924-4336-A903-C9D94C12B35A} = {8BCFD1A4-6EB1-422B-8A50-E3CB83C8F600}
		{666DE9DA-442B-4A5D-B875-4E877AB36AA9} = {8BCFD1A4-6EB1-422B-8A50-E3CB83C8F600}
		{E7088F1B-434A-42F3-A025-5EE967A62214} = {8BCFD1A4-6EB1-422B-8A50-E3CB83C8F600}
		{7103C447-DB31-4128-9E7A-47872CE5DF58} = {A8260E20-A153-47F4-AD48-3C711C1C1796}
		{F1B6F426-1EA7-4571-8F9A-2FC5CCE1DCC5} = {A8260E20-A153-47F4-AD48-3C711C1C1796}
		{1BDF655B-BBED-41AF-8957-62EAAF2253C1} = {A8260E20-A153-47F4-AD48-3C711C1C1796}
		{CA2AE0BA-1296-4B33-9108-17B87CF40706} = {A8260E20-A153-47F4-AD48-3C711C1C1796}
	EndGlobalSection
	GlobalSection(ExtensibilityGlobals) = postSolution
		SolutionGuid = {CBA29A5C-A736-4EB9-8D61-8E76924706CD}
	EndGlobalSection
	GlobalSection(SharedMSBuildProjectFiles) = preSolution
		Shared\SharedExtensions.Dictionary\SharedExtensions.Dictionary.projitems*{09e410f1-a947-4128-90da-74be5bd5795d}*SharedItemsImports = 5
		Shared\SharedExtensions.Expression\SharedExtensions.Expression.projitems*{09e410f1-a947-4128-90da-74be5bd5795d}*SharedItemsImports = 5
		Shared\SharedExtensions.HttpContext\SharedExtensions.HttpContext.projitems*{09e410f1-a947-4128-90da-74be5bd5795d}*SharedItemsImports = 5
		Shared\SharedExtensions.Reflection\SharedExtensions.ReflectionExtensions.projitems*{09e410f1-a947-4128-90da-74be5bd5795d}*SharedItemsImports = 5
		Shared\SharedExtensions.String\StringExtensions.projitems*{09e410f1-a947-4128-90da-74be5bd5795d}*SharedItemsImports = 5
		Shared\SharedExtensions.Reflection\SharedExtensions.ReflectionExtensions.projitems*{0f0e79f0-bcb6-43d1-8a4a-5a1d50c36a22}*SharedItemsImports = 13
		Shared\SharedExtensions.Reflection\SharedExtensions.ReflectionExtensions.projitems*{11a36038-d86a-4dc9-b660-d881d242ee2f}*SharedItemsImports = 5
		Shared\SharedExtensions.String\StringExtensions.projitems*{11a36038-d86a-4dc9-b660-d881d242ee2f}*SharedItemsImports = 5
		Shared\SharedExtensions.Expression\SharedExtensions.Expression.projitems*{1dd493f9-6617-4e22-9ace-afc40e2e26bb}*SharedItemsImports = 13
		Shared\SharedExtensions.String\StringExtensions.projitems*{2cb41a59-4f22-4813-a509-a43bbc02dac2}*SharedItemsImports = 13
		Shared\SharedExtensions.Exception\SharedExtensions.Exception.projitems*{35f8279b-db86-4412-b519-bc9ee20d4405}*SharedItemsImports = 5
		Shared\SharedExtensions.HttpContext\SharedExtensions.HttpContext.projitems*{35f8279b-db86-4412-b519-bc9ee20d4405}*SharedItemsImports = 5
		Shared\SharedExtensions.Object\SharedExtensions.ObjectExtensions.projitems*{37fcad5c-ac17-49ef-966a-0b6e18c89276}*SharedItemsImports = 13
		Shared\SharedExtensions.ServiceCollection\SharedExtensions.ServiceCollectionExtensions.projitems*{5b777c3c-ffe6-4c98-b9f6-dd7de4f11fb4}*SharedItemsImports = 5
		Shared\SharedExtensions.String\StringExtensions.projitems*{5b777c3c-ffe6-4c98-b9f6-dd7de4f11fb4}*SharedItemsImports = 5
		Shared\SharedExtensions.Exception\SharedExtensions.Exception.projitems*{666de9da-442b-4a5d-b875-4e877ab36aa9}*SharedItemsImports = 5
		Shared\SharedExtensions.HttpContext\SharedExtensions.HttpContext.projitems*{666de9da-442b-4a5d-b875-4e877ab36aa9}*SharedItemsImports = 5
		Shared\SharedExtensions.Reflection\SharedExtensions.ReflectionExtensions.projitems*{6ee8521b-ca33-45a6-899d-bd48d8dccbac}*SharedItemsImports = 5
		Shared\SharedExtensions.String\StringExtensions.projitems*{6ee8521b-ca33-45a6-899d-bd48d8dccbac}*SharedItemsImports = 5
		Shared\SharedExtensions.Expression\SharedExtensions.Expression.projitems*{6ffc158f-337d-4001-8261-f22c5a757b67}*SharedItemsImports = 5
		Shared\SharedExtensions.HttpContext\SharedExtensions.HttpContext.projitems*{6ffc158f-337d-4001-8261-f22c5a757b67}*SharedItemsImports = 5
		Shared\SharedExtensions.Object\SharedExtensions.ObjectExtensions.projitems*{6ffc158f-337d-4001-8261-f22c5a757b67}*SharedItemsImports = 5
		Shared\SharedExtensions.Reflection\SharedExtensions.ReflectionExtensions.projitems*{6ffc158f-337d-4001-8261-f22c5a757b67}*SharedItemsImports = 5
		Shared\SharedExtensions.ServiceCollection\SharedExtensions.ServiceCollectionExtensions.projitems*{6ffc158f-337d-4001-8261-f22c5a757b67}*SharedItemsImports = 5
		Shared\SharedExtensions.String\StringExtensions.projitems*{6ffc158f-337d-4001-8261-f22c5a757b67}*SharedItemsImports = 5
		Shared\SharedExtensions.DateTime\DateTimeExtensions.projitems*{7103c447-db31-4128-9e7a-47872ce5df58}*SharedItemsImports = 5
		Shared\SharedExtensions.XmlDocumentationHelper\SharedExtensions.XmlDocumentationHelper.projitems*{7103c447-db31-4128-9e7a-47872ce5df58}*SharedItemsImports = 5
		Shared\SharedExtensions.XmlDocumentationHelper\SharedExtensions.XmlDocumentationHelper.projitems*{7d3709d1-1aa1-4f52-b6f1-0398f4977049}*SharedItemsImports = 5
		Shared\SharedExtensions.DateTimeProvider\DateTimeExtensions.projitems*{8aa48c89-69ee-47db-8ce4-b7b40b36a210}*SharedItemsImports = 13
		Shared\SharedExtensions.ServiceCollection\SharedExtensions.ServiceCollectionExtensions.projitems*{8cd77910-a209-4fff-a324-dfb73f91d4da}*SharedItemsImports = 13
		Shared\SharedExtensions.XmlDocumentationHelper\SharedExtensions.XmlDocumentationHelper.projitems*{949e66b2-8674-450a-b45b-b5c0e6530e59}*SharedItemsImports = 13
		Shared\SharedExtensions.Exception\SharedExtensions.Exception.projitems*{955d542a-3924-4336-a903-c9d94c12b35a}*SharedItemsImports = 5
		Shared\SharedExtensions.Expression\SharedExtensions.Expression.projitems*{955d542a-3924-4336-a903-c9d94c12b35a}*SharedItemsImports = 5
		Shared\SharedExtensions.Object\SharedExtensions.ObjectExtensions.projitems*{955d542a-3924-4336-a903-c9d94c12b35a}*SharedItemsImports = 5
		Shared\SharedExtensions.Reflection\SharedExtensions.ReflectionExtensions.projitems*{955d542a-3924-4336-a903-c9d94c12b35a}*SharedItemsImports = 5
		Shared\SharedExtensions.ServiceCollection\SharedExtensions.ServiceCollectionExtensions.projitems*{955d542a-3924-4336-a903-c9d94c12b35a}*SharedItemsImports = 5
		Shared\SharedExtensions.String\StringExtensions.projitems*{955d542a-3924-4336-a903-c9d94c12b35a}*SharedItemsImports = 5
		Shared\SharedExtensions.Reflection\SharedExtensions.ReflectionExtensions.projitems*{9833380d-01cd-426d-9af7-6f11c8f13782}*SharedItemsImports = 5
		Shared\SharedExtensions.String\StringExtensions.projitems*{9833380d-01cd-426d-9af7-6f11c8f13782}*SharedItemsImports = 5
		Shared\SharedExtensions.ServiceCollection\SharedExtensions.ServiceCollectionExtensions.projitems*{b57f410a-9dc3-4b02-bd94-b7de5ce96a9f}*SharedItemsImports = 5
		Shared\SharedExtensions.Exception\SharedExtensions.Exception.projitems*{b89d0a74-e80d-44df-8d47-72b16c47dac4}*SharedItemsImports = 5
		Shared\SharedExtensions.HttpContext\SharedExtensions.HttpContext.projitems*{b89d0a74-e80d-44df-8d47-72b16c47dac4}*SharedItemsImports = 5
		Shared\SharedExtensions.DateTime\DateTimeExtensions.projitems*{bb84ec03-5eb3-4baf-b342-db2247424702}*SharedItemsImports = 13
		Shared\SharedExtensions.DateTimeProvider\DateTimeExtensions.projitems*{c489afdb-e2f3-45a7-8ab4-5990d092db8e}*SharedItemsImports = 5
		Shared\SharedExtensions.DateTime\DateTimeExtensions.projitems*{c489afdb-e2f3-45a7-8ab4-5990d092db8e}*SharedItemsImports = 5
		Shared\SharedExtensions.ServiceCollection\SharedExtensions.ServiceCollectionExtensions.projitems*{e0d3e777-c608-432c-9aea-b549c41b07fa}*SharedItemsImports = 5
		Shared\SharedExtensions.Dictionary\SharedExtensions.Dictionary.projitems*{e4358d5e-109b-4050-a5b9-d4ff094754a4}*SharedItemsImports = 13
		Shared\SharedExtensions.HttpContext\SharedExtensions.HttpContext.projitems*{eb78590d-83be-404a-b554-1e436ecd64f7}*SharedItemsImports = 13
		Shared\SharedExtensions.DateTime\DateTimeExtensions.projitems*{f1b6f426-1ea7-4571-8f9a-2fc5cce1dcc5}*SharedItemsImports = 5
		Shared\SharedExtensions.MvcBuilder\SharedExtensions.MvcBuilder.projitems*{f1b6f426-1ea7-4571-8f9a-2fc5cce1dcc5}*SharedItemsImports = 5
		Shared\SharedExtensions.XmlDocumentationHelper\SharedExtensions.XmlDocumentationHelper.projitems*{f1b6f426-1ea7-4571-8f9a-2fc5cce1dcc5}*SharedItemsImports = 5
		Shared\SharedExtensions.HttpContext\SharedExtensions.HttpContext.projitems*{f57e424a-9d77-4321-b557-377c63832857}*SharedItemsImports = 5
		Shared\SharedExtensions.XmlDocumentationHelper\SharedExtensions.XmlDocumentationHelper.projitems*{f57e424a-9d77-4321-b557-377c63832857}*SharedItemsImports = 5
		Shared\SharedExtensions.Exception\SharedExtensions.Exception.projitems*{fe4e97e2-286f-47ee-a7a9-aca29fd3e217}*SharedItemsImports = 13
		Shared\SharedExtensions.MvcBuilder\SharedExtensions.MvcBuilder.projitems*{ff19be9f-9e7f-4b69-ac0c-f80ee2218228}*SharedItemsImports = 13
	EndGlobalSection
EndGlobal
